<?xml version="1.0" encoding="utf-8"?>
<Project ToolsVersion="4.0" xmlns="http://schemas.microsoft.com/developer/msbuild/2003">
  <ItemGroup>
    <Filter Include="Source Files">
      <UniqueIdentifier>{4FC737F1-C7A5-4376-A066-2A32D752A2FF}</UniqueIdentifier>
      <Extensions>cpp;c;cc;cxx;def;odl;idl;hpj;bat;asm;asmx</Extensions>
    </Filter>
  </ItemGroup>
  <ItemGroup>
    <ClCompile Include="Source\yarc_data_types.cpp">
      <Filter>Source Files</Filter>
    </ClCompile>
    <ClCompile Include="Source\yarc_dllmain.cpp">
      <Filter>Source Files</Filter>
    </ClCompile>
    <ClCompile Include="Source\yarc_simple_client.cpp">
      <Filter>Source Files</Filter>
    </ClCompile>
    <ClCompile Include="Source\yarc_client_iface.cpp">
      <Filter>Source Files</Filter>
    </ClCompile>
    <ClCompile Include="Source\yarc_cluster_client.cpp">
      <Filter>Source Files</Filter>
    </ClCompile>
    <ClCompile Include="Source\yarc_crc16.cpp">
      <Filter>Source Files</Filter>
    </ClCompile>
    <ClCompile Include="Source\yarc_reducer.cpp">
      <Filter>Source Files</Filter>
    </ClCompile>
    <ClCompile Include="Source\yarc_cluster.cpp">
      <Filter>Source Files</Filter>
    </ClCompile>
    <ClCompile Include="Source\yarc_misc.cpp">
      <Filter>Source Files</Filter>
    </ClCompile>
    <ClCompile Include="Source\yarc_persistent_dual_client.cpp">
      <Filter>Source Files</Filter>
    </ClCompile>
    <ClCompile Include="Source\yarc_persistent_client.cpp">
      <Filter>Source Files</Filter>
    </ClCompile>
    <ClCompile Include="Source\yarc_threaded_client.cpp">
      <Filter>Source Files</Filter>
    </ClCompile>
    <ClCompile Include="Source\yarc_protocol_data.cpp">
      <Filter>Source Files</Filter>
    </ClCompile>
    <ClCompile Include="Source\yarc_byte_stream.cpp">
      <Filter>Source Files</Filter>
    </ClCompile>
  </ItemGroup>
  <ItemGroup>
    <ClInclude Include="Source\yarc_api.h">
      <Filter>Source Files</Filter>
    </ClInclude>
    <ClInclude Include="Source\yarc_data_types.h">
      <Filter>Source Files</Filter>
    </ClInclude>
    <ClInclude Include="Source\yarc_linked_list.h">
      <Filter>Source Files</Filter>
    </ClInclude>
    <ClInclude Include="Source\yarc_client_iface.h">
      <Filter>Source Files</Filter>
    </ClInclude>
    <ClInclude Include="Source\yarc_simple_client.h">
      <Filter>Source Files</Filter>
    </ClInclude>
    <ClInclude Include="Source\yarc_cluster_client.h">
      <Filter>Source Files</Filter>
    </ClInclude>
    <ClInclude Include="Source\yarc_dynamic_array.h">
      <Filter>Source Files</Filter>
    </ClInclude>
    <ClInclude Include="Source\yarc_crc16.h">
      <Filter>Source Files</Filter>
    </ClInclude>
    <ClInclude Include="Source\yarc_reducer.h">
      <Filter>Source Files</Filter>
    </ClInclude>
    <ClInclude Include="Source\yarc_cluster.h">
      <Filter>Source Files</Filter>
    </ClInclude>
    <ClInclude Include="Source\yarc_misc.h">
      <Filter>Source Files</Filter>
    </ClInclude>
    <ClInclude Include="Source\yarc_persistent_dual_client.h">
      <Filter>Source Files</Filter>
    </ClInclude>
    <ClInclude Include="Source\yarc_persistent_client.h">
      <Filter>Source Files</Filter>
    </ClInclude>
    <ClInclude Include="Source\yarc_threaded_client.h">
      <Filter>Source Files</Filter>
    </ClInclude>
    <ClInclude Include="Source\yarc_protocol_data.h">
      <Filter>Source Files</Filter>
    </ClInclude>
    <ClInclude Include="Source\yarc_byte_stream.h">
      <Filter>Source Files</Filter>
    </ClInclude>
  </ItemGroup>
  <ItemGroup>
    <None Include="README.md" />
  </ItemGroup>
</Project>